
Microsoft Visual Studio Solution File, Format Version 12.00
# Visual Studio Version 17
VisualStudioVersion = 17.13.35828.75 d17.13
MinimumVisualStudioVersion = 10.0.40219.1
Project("{FAE04EC0-301F-11D3-BF4B-00C04F79EFBC}") = "InventoryManagementSystem", "InventoryManagementSystem\InventoryManagementSystem.csproj", "{355733CD-EE38-4192-8AEF-A9B0CDACABE9}"
EndProject
Global
	GlobalSection(SolutionConfigurationPlatforms) = preSolution
		Debug|Any CPU = Debug|Any CPU
		Release|Any CPU = Release|Any CPU
	EndGlobalSection
	GlobalSection(ProjectConfigurationPlatforms) = postSolution
		{355733CD-EE38-4192-8AEF-A9B0CDACABE9}.Debug|Any CPU.ActiveCfg = Debug|Any CPU
		{355733CD-EE38-4192-8AEF-A9B0CDACABE9}.Debug|Any CPU.Build.0 = Debug|Any CPU
		{355733CD-EE38-4192-8AEF-A9B0CDACABE9}.Release|Any CPU.ActiveCfg = Release|Any CPU
		{355733CD-EE38-4192-8AEF-A9B0CDACABE9}.Release|Any CPU.Build.0 = Release|Any CPU
	EndGlobalSection
	GlobalSection(SolutionProperties) = preSolution
		HideSolutionNode = FALSE
	EndGlobalSection
	GlobalSection(ExtensibilityGlobals) = postSolution
		SolutionGuid = {BFEA13D5-04D5-4F97-8128-745B9E3BB6E5}
	EndGlobalSection
EndGlobal
